
Microsoft Visual Studio Solution File, Format Version 12.00
# Visual Studio Version 16
VisualStudioVersion = 25.0.1705.5
MinimumVisualStudioVersion = 10.0.40219.1
Project("{FAE04EC0-301F-11D3-BF4B-00C04F79EFBC}") = "Pustok1", "Pustok1\Pustok1.csproj", "{55512A85-7F07-423C-804D-004D73AD396A}"
EndProject
Global
	GlobalSection(SolutionConfigurationPlatforms) = preSolution
		Debug|Any CPU = Debug|Any CPU
		Release|Any CPU = Release|Any CPU
	EndGlobalSection
	GlobalSection(ProjectConfigurationPlatforms) = postSolution
		{55512A85-7F07-423C-804D-004D73AD396A}.Debug|Any CPU.ActiveCfg = Debug|Any CPU
		{55512A85-7F07-423C-804D-004D73AD396A}.Debug|Any CPU.Build.0 = Debug|Any CPU
		{55512A85-7F07-423C-804D-004D73AD396A}.Release|Any CPU.ActiveCfg = Release|Any CPU
		{55512A85-7F07-423C-804D-004D73AD396A}.Release|Any CPU.Build.0 = Release|Any CPU
	EndGlobalSection
	GlobalSection(SolutionProperties) = preSolution
		HideSolutionNode = FALSE
	EndGlobalSection
	GlobalSection(ExtensibilityGlobals) = postSolution
		SolutionGuid = {ACFA3470-42E9-4692-8224-739114F7970A}
	EndGlobalSection
EndGlobal
